
Microsoft Visual Studio Solution File, Format Version 12.00
# Visual Studio Express 2012 for Windows Phone
Project("{FAE04EC0-301F-11D3-BF4B-00C04F79EFBC}") = "Siply", "Siply\Siply.csproj", "{95FAF15D-9837-4348-B4FA-FD4D580027A6}"
EndProject
Project("{FAE04EC0-301F-11D3-BF4B-00C04F79EFBC}") = "SiplyTests", "SiplyTests\SiplyTests.csproj", "{2CF03334-BE74-4256-8E91-D62D52DC2AD7}"
EndProject
Global
	GlobalSection(SolutionConfigurationPlatforms) = preSolution
		Debug|Any CPU = Debug|Any CPU
		Debug|ARM = Debug|ARM
		Debug|Mixed Platforms = Debug|Mixed Platforms
		Debug|x86 = Debug|x86
		Release|Any CPU = Release|Any CPU
		Release|ARM = Release|ARM
		Release|Mixed Platforms = Release|Mixed Platforms
		Release|x86 = Release|x86
	EndGlobalSection
	GlobalSection(ProjectConfigurationPlatforms) = postSolution
		{95FAF15D-9837-4348-B4FA-FD4D580027A6}.Debug|Any CPU.ActiveCfg = Debug|Any CPU
		{95FAF15D-9837-4348-B4FA-FD4D580027A6}.Debug|Any CPU.Build.0 = Debug|Any CPU
		{95FAF15D-9837-4348-B4FA-FD4D580027A6}.Debug|ARM.ActiveCfg = Debug|ARM
		{95FAF15D-9837-4348-B4FA-FD4D580027A6}.Debug|ARM.Build.0 = Debug|ARM
		{95FAF15D-9837-4348-B4FA-FD4D580027A6}.Debug|Mixed Platforms.ActiveCfg = Debug|x86
		{95FAF15D-9837-4348-B4FA-FD4D580027A6}.Debug|Mixed Platforms.Build.0 = Debug|x86
		{95FAF15D-9837-4348-B4FA-FD4D580027A6}.Debug|x86.ActiveCfg = Debug|x86
		{95FAF15D-9837-4348-B4FA-FD4D580027A6}.Debug|x86.Build.0 = Debug|x86
		{95FAF15D-9837-4348-B4FA-FD4D580027A6}.Release|Any CPU.ActiveCfg = Release|Any CPU
		{95FAF15D-9837-4348-B4FA-FD4D580027A6}.Release|Any CPU.Build.0 = Release|Any CPU
		{95FAF15D-9837-4348-B4FA-FD4D580027A6}.Release|ARM.ActiveCfg = Release|ARM
		{95FAF15D-9837-4348-B4FA-FD4D580027A6}.Release|ARM.Build.0 = Release|ARM
		{95FAF15D-9837-4348-B4FA-FD4D580027A6}.Release|Mixed Platforms.ActiveCfg = Release|x86
		{95FAF15D-9837-4348-B4FA-FD4D580027A6}.Release|Mixed Platforms.Build.0 = Release|x86
		{95FAF15D-9837-4348-B4FA-FD4D580027A6}.Release|x86.ActiveCfg = Release|x86
		{95FAF15D-9837-4348-B4FA-FD4D580027A6}.Release|x86.Build.0 = Release|x86
		{2CF03334-BE74-4256-8E91-D62D52DC2AD7}.Debug|Any CPU.ActiveCfg = Debug|x86
		{2CF03334-BE74-4256-8E91-D62D52DC2AD7}.Debug|ARM.ActiveCfg = Debug|ARM
		{2CF03334-BE74-4256-8E91-D62D52DC2AD7}.Debug|ARM.Build.0 = Debug|ARM
		{2CF03334-BE74-4256-8E91-D62D52DC2AD7}.Debug|ARM.Deploy.0 = Debug|ARM
		{2CF03334-BE74-4256-8E91-D62D52DC2AD7}.Debug|Mixed Platforms.ActiveCfg = Debug|x86
		{2CF03334-BE74-4256-8E91-D62D52DC2AD7}.Debug|Mixed Platforms.Build.0 = Debug|x86
		{2CF03334-BE74-4256-8E91-D62D52DC2AD7}.Debug|Mixed Platforms.Deploy.0 = Debug|x86
		{2CF03334-BE74-4256-8E91-D62D52DC2AD7}.Debug|x86.ActiveCfg = Debug|x86
		{2CF03334-BE74-4256-8E91-D62D52DC2AD7}.Debug|x86.Build.0 = Debug|x86
		{2CF03334-BE74-4256-8E91-D62D52DC2AD7}.Debug|x86.Deploy.0 = Debug|x86
		{2CF03334-BE74-4256-8E91-D62D52DC2AD7}.Release|Any CPU.ActiveCfg = Release|x86
		{2CF03334-BE74-4256-8E91-D62D52DC2AD7}.Release|ARM.ActiveCfg = Release|ARM
		{2CF03334-BE74-4256-8E91-D62D52DC2AD7}.Release|ARM.Build.0 = Release|ARM
		{2CF03334-BE74-4256-8E91-D62D52DC2AD7}.Release|ARM.Deploy.0 = Release|ARM
		{2CF03334-BE74-4256-8E91-D62D52DC2AD7}.Release|Mixed Platforms.ActiveCfg = Release|x86
		{2CF03334-BE74-4256-8E91-D62D52DC2AD7}.Release|Mixed Platforms.Build.0 = Release|x86
		{2CF03334-BE74-4256-8E91-D62D52DC2AD7}.Release|Mixed Platforms.Deploy.0 = Release|x86
		{2CF03334-BE74-4256-8E91-D62D52DC2AD7}.Release|x86.ActiveCfg = Release|x86
		{2CF03334-BE74-4256-8E91-D62D52DC2AD7}.Release|x86.Build.0 = Release|x86
		{2CF03334-BE74-4256-8E91-D62D52DC2AD7}.Release|x86.Deploy.0 = Release|x86
	EndGlobalSection
	GlobalSection(SolutionProperties) = preSolution
		HideSolutionNode = FALSE
	EndGlobalSection
EndGlobal
